
Microsoft Visual Studio Solution File, Format Version 12.00
# Visual Studio Version 16
VisualStudioVersion = 16.0.30320.27
MinimumVisualStudioVersion = 10.0.40219.1
Project("{FAE04EC0-301F-11D3-BF4B-00C04F79EFBC}") = "loops", "loops\loops.csproj", "{2922FFC2-6B2D-4239-A209-327E672B2A00}"
EndProject
Global
	GlobalSection(SolutionConfigurationPlatforms) = preSolution
		Debug|Any CPU = Debug|Any CPU
		Release|Any CPU = Release|Any CPU
	EndGlobalSection
	GlobalSection(ProjectConfigurationPlatforms) = postSolution
		{2922FFC2-6B2D-4239-A209-327E672B2A00}.Debug|Any CPU.ActiveCfg = Debug|Any CPU
		{2922FFC2-6B2D-4239-A209-327E672B2A00}.Debug|Any CPU.Build.0 = Debug|Any CPU
		{2922FFC2-6B2D-4239-A209-327E672B2A00}.Release|Any CPU.ActiveCfg = Release|Any CPU
		{2922FFC2-6B2D-4239-A209-327E672B2A00}.Release|Any CPU.Build.0 = Release|Any CPU
	EndGlobalSection
	GlobalSection(SolutionProperties) = preSolution
		HideSolutionNode = FALSE
	EndGlobalSection
	GlobalSection(ExtensibilityGlobals) = postSolution
		SolutionGuid = {A9FA53DD-F7C1-4F94-A53E-8A92F2C06769}
	EndGlobalSection
EndGlobal
